
Microsoft Visual Studio Solution File, Format Version 12.00
# Visual Studio 15
VisualStudioVersion = 15.0.28010.2016
MinimumVisualStudioVersion = 10.0.40219.1
Project("{9A19103F-16F7-4668-BE54-9A1E7A4F7556}") = "RotMG_Bot", "RotMG Bot\RotMG_Bot.csproj", "{C2312ECE-FB83-4FE1-A844-BE7BB3684B00}"
EndProject
Global
	GlobalSection(SolutionConfigurationPlatforms) = preSolution
		Debug|Any CPU = Debug|Any CPU
		Release|Any CPU = Release|Any CPU
	EndGlobalSection
	GlobalSection(ProjectConfigurationPlatforms) = postSolution
		{C2312ECE-FB83-4FE1-A844-BE7BB3684B00}.Debug|Any CPU.ActiveCfg = Debug|Any CPU
		{C2312ECE-FB83-4FE1-A844-BE7BB3684B00}.Debug|Any CPU.Build.0 = Debug|Any CPU
		{C2312ECE-FB83-4FE1-A844-BE7BB3684B00}.Release|Any CPU.ActiveCfg = Release|Any CPU
		{C2312ECE-FB83-4FE1-A844-BE7BB3684B00}.Release|Any CPU.Build.0 = Release|Any CPU
	EndGlobalSection
	GlobalSection(SolutionProperties) = preSolution
		HideSolutionNode = FALSE
	EndGlobalSection
	GlobalSection(ExtensibilityGlobals) = postSolution
		SolutionGuid = {58AF4154-36F9-4132-87DC-4AE4E8B2C3D5}
	EndGlobalSection
EndGlobal
